
Microsoft Visual Studio Solution File, Format Version 12.00
# Visual Studio Version 16
VisualStudioVersion = 16.0.28803.352
MinimumVisualStudioVersion = 10.0.40219.1
Project("{FAE04EC0-301F-11D3-BF4B-00C04F79EFBC}") = "TAJSTAR", "TAJSTAR.csproj", "{D8426971-1D59-432C-945C-925A9C5BC62D}"
EndProject
Global
	GlobalSection(SolutionConfigurationPlatforms) = preSolution
		Debug|Any CPU = Debug|Any CPU
		Release|Any CPU = Release|Any CPU
	EndGlobalSection
	GlobalSection(ProjectConfigurationPlatforms) = postSolution
		{D8426971-1D59-432C-945C-925A9C5BC62D}.Debug|Any CPU.ActiveCfg = Debug|Any CPU
		{D8426971-1D59-432C-945C-925A9C5BC62D}.Debug|Any CPU.Build.0 = Debug|Any CPU
		{D8426971-1D59-432C-945C-925A9C5BC62D}.Release|Any CPU.ActiveCfg = Release|Any CPU
		{D8426971-1D59-432C-945C-925A9C5BC62D}.Release|Any CPU.Build.0 = Release|Any CPU
	EndGlobalSection
	GlobalSection(SolutionProperties) = preSolution
		HideSolutionNode = FALSE
	EndGlobalSection
	GlobalSection(ExtensibilityGlobals) = postSolution
		SolutionGuid = {4941588E-681F-4685-A3AE-5D3D3E8D4702}
	EndGlobalSection
EndGlobal
